
Microsoft Visual Studio Solution File, Format Version 12.00
# Visual Studio 15
VisualStudioVersion = 15.0.28307.489
MinimumVisualStudioVersion = 10.0.40219.1
Project("{FAE04EC0-301F-11D3-BF4B-00C04F79EFBC}") = "ConvertToAlac", "ConvertToAlac\ConvertToAlac.csproj", "{B8017159-07B1-49E5-8982-215F2033B0E6}"
EndProject
Global
	GlobalSection(SolutionConfigurationPlatforms) = preSolution
		Debug|Any CPU = Debug|Any CPU
		Release|Any CPU = Release|Any CPU
	EndGlobalSection
	GlobalSection(ProjectConfigurationPlatforms) = postSolution
		{B8017159-07B1-49E5-8982-215F2033B0E6}.Debug|Any CPU.ActiveCfg = Debug|Any CPU
		{B8017159-07B1-49E5-8982-215F2033B0E6}.Debug|Any CPU.Build.0 = Debug|Any CPU
		{B8017159-07B1-49E5-8982-215F2033B0E6}.Release|Any CPU.ActiveCfg = Release|Any CPU
		{B8017159-07B1-49E5-8982-215F2033B0E6}.Release|Any CPU.Build.0 = Release|Any CPU
	EndGlobalSection
	GlobalSection(SolutionProperties) = preSolution
		HideSolutionNode = FALSE
	EndGlobalSection
	GlobalSection(ExtensibilityGlobals) = postSolution
		SolutionGuid = {7A5FF3B9-9936-48FD-A4D7-DB6C88EE218D}
	EndGlobalSection
EndGlobal
